
Microsoft Visual Studio Solution File, Format Version 12.00
# Visual Studio 15
VisualStudioVersion = 15.0.27703.2000
MinimumVisualStudioVersion = 10.0.40219.1
Project("{FAE04EC0-301F-11D3-BF4B-00C04F79EFBC}") = "NotepadRs4", "NotepadRs4\NotepadRs4.csproj", "{7A73946B-5716-4B11-99FE-FCD48B80893A}"
EndProject
Global
	GlobalSection(SolutionConfigurationPlatforms) = preSolution
		Debug|ARM = Debug|ARM
		Debug|x64 = Debug|x64
		Debug|x86 = Debug|x86
		Release|ARM = Release|ARM
		Release|x64 = Release|x64
		Release|x86 = Release|x86
	EndGlobalSection
	GlobalSection(ProjectConfigurationPlatforms) = postSolution
		{7A73946B-5716-4B11-99FE-FCD48B80893A}.Debug|ARM.ActiveCfg = Debug|ARM
		{7A73946B-5716-4B11-99FE-FCD48B80893A}.Debug|ARM.Build.0 = Debug|ARM
		{7A73946B-5716-4B11-99FE-FCD48B80893A}.Debug|ARM.Deploy.0 = Debug|ARM
		{7A73946B-5716-4B11-99FE-FCD48B80893A}.Debug|x64.ActiveCfg = Debug|x64
		{7A73946B-5716-4B11-99FE-FCD48B80893A}.Debug|x64.Build.0 = Debug|x64
		{7A73946B-5716-4B11-99FE-FCD48B80893A}.Debug|x64.Deploy.0 = Debug|x64
		{7A73946B-5716-4B11-99FE-FCD48B80893A}.Debug|x86.ActiveCfg = Debug|x86
		{7A73946B-5716-4B11-99FE-FCD48B80893A}.Debug|x86.Build.0 = Debug|x86
		{7A73946B-5716-4B11-99FE-FCD48B80893A}.Debug|x86.Deploy.0 = Debug|x86
		{7A73946B-5716-4B11-99FE-FCD48B80893A}.Release|ARM.ActiveCfg = Release|ARM
		{7A73946B-5716-4B11-99FE-FCD48B80893A}.Release|ARM.Build.0 = Release|ARM
		{7A73946B-5716-4B11-99FE-FCD48B80893A}.Release|ARM.Deploy.0 = Release|ARM
		{7A73946B-5716-4B11-99FE-FCD48B80893A}.Release|x64.ActiveCfg = Release|x64
		{7A73946B-5716-4B11-99FE-FCD48B80893A}.Release|x64.Build.0 = Release|x64
		{7A73946B-5716-4B11-99FE-FCD48B80893A}.Release|x64.Deploy.0 = Release|x64
		{7A73946B-5716-4B11-99FE-FCD48B80893A}.Release|x86.ActiveCfg = Release|x86
		{7A73946B-5716-4B11-99FE-FCD48B80893A}.Release|x86.Build.0 = Release|x86
		{7A73946B-5716-4B11-99FE-FCD48B80893A}.Release|x86.Deploy.0 = Release|x86
	EndGlobalSection
	GlobalSection(SolutionProperties) = preSolution
		HideSolutionNode = FALSE
	EndGlobalSection
	GlobalSection(ExtensibilityGlobals) = postSolution
		SolutionGuid = {4760E50F-0B15-4A69-9111-7627F261530C}
	EndGlobalSection
EndGlobal
